
Microsoft Visual Studio Solution File, Format Version 12.00
# Visual Studio 15
VisualStudioVersion = 15.0.27703.2042
MinimumVisualStudioVersion = 10.0.40219.1
Project("{FAE04EC0-301F-11D3-BF4B-00C04F79EFBC}") = "DungeonCrawler", "DungeonCrawler\DungeonCrawler.csproj", "{AF9F8C7B-CE32-4651-B2AF-33101BD3B897}"
EndProject
Global
	GlobalSection(SolutionConfigurationPlatforms) = preSolution
		Debug|Any CPU = Debug|Any CPU
		Release|Any CPU = Release|Any CPU
	EndGlobalSection
	GlobalSection(ProjectConfigurationPlatforms) = postSolution
		{AF9F8C7B-CE32-4651-B2AF-33101BD3B897}.Debug|Any CPU.ActiveCfg = Debug|Any CPU
		{AF9F8C7B-CE32-4651-B2AF-33101BD3B897}.Debug|Any CPU.Build.0 = Debug|Any CPU
		{AF9F8C7B-CE32-4651-B2AF-33101BD3B897}.Release|Any CPU.ActiveCfg = Release|Any CPU
		{AF9F8C7B-CE32-4651-B2AF-33101BD3B897}.Release|Any CPU.Build.0 = Release|Any CPU
	EndGlobalSection
	GlobalSection(SolutionProperties) = preSolution
		HideSolutionNode = FALSE
	EndGlobalSection
	GlobalSection(ExtensibilityGlobals) = postSolution
		SolutionGuid = {B6C85E12-3EBD-4957-BFEC-B51AFB63F6F6}
	EndGlobalSection
EndGlobal
